packs:
    backstop-ai/backstop-core-architecture:
        content_hash: 2750a40d3b25dd12910fc7d96305473d350c337359997318dfccb31a7e08a838
        git_ref: v0.1.3
        install_date: 2026-08-15T14:37:38Z
        name: backstop-ai/backstop-core-architecture
        source_coordinate: backstop-ai/backstop-core-architecture
        source_type: git
        version: 0.1.3
    backstop-ai/backstop-self:
        content_hash: 014015983bacd2fec7fccb7c08ee51f43bf06daa35a2ea87f7e89e87afa99f3f
        git_ref: v1.1.3
        install_date: 2026-08-15T01:22:28Z
        name: backstop-ai/backstop-self
        source_coordinate: backstop-ai/backstop-self
        source_type: git
        version: 1.1.3
    backstop-ai/ci-workflows:
        content_hash: f7c57f3f9f18d89302c1806ccb89d67fb23a1668fe8911bf7890ee5e4541088f
        git_ref: v0.1.2
        install_date: 2026-08-17T20:51:32Z
        name: backstop-ai/ci-workflows
        source_coordinate: backstop-ai/ci-workflows
        source_type: git
        version: 0.1.2
    backstop-ai/cobra-cli-standards:
        content_hash: d9d87c313022bddff02f640a881784b436c661c1dff511fa038d592850eeca4d
        git_ref: v0.2.1
        install_date: 2026-07-28T13:53:02Z
        name: backstop-ai/cobra-cli-standards
        source_coordinate: backstop-ai/cobra-cli-standards
        source_type: git
        version: 0.2.1
    backstop-ai/go-contracts:
        content_hash: 13f4424168725ab065cf182dbc1ba8a3bce091c17eca418437c9df02758ff851
        git_ref: v1.4.0
        install_date: 2026-08-18T22:43:06Z
        name: backstop-ai/go-contracts
        source_coordinate: backstop-ai/go-contracts
        source_type: git
        version: 1.4.0
    backstop-ai/go-standards:
        content_hash: b0133b1e0be691a4cafde237d2c74195435648eede8a140433e73631f2ea47d8
        git_ref: v1.2.1
        install_date: 2026-07-28T13:52:35Z
        name: backstop-ai/go-standards
        source_coordinate: backstop-ai/go-standards
        source_type: git
        version: 1.2.1
    backstop-ai/go-substantiveness:
        content_hash: f06465df848e1ce2e603efc877b7a8d21ce0343d391f2df6e3358e4524d7b9ca
        git_ref: v1.2.1
        install_date: 2026-08-17T11:06:30Z
        name: backstop-ai/go-substantiveness
        source_coordinate: backstop-ai/go-substantiveness
        source_type: git
        version: 1.2.1
    backstop-ai/go-toolchain:
        content_hash: 7fbbe158a0964e236bda5261d6008af29715841450742b89bedc64e077331cf3
        git_ref: v1.8.0
        install_date: 2026-08-19T20:43:12Z
        name: backstop-ai/go-toolchain
        source_coordinate: backstop-ai/go-toolchain
        source_type: git
        version: 1.8.0
