packs:
    backstop/contracts:
        content_hash: 8896f737b60942d0171421a8dff0292f52a556e7da18e3bfb3c907094c1b39c6
        git_ref: null
        install_date: 2026-07-06T02:44:47Z
        name: backstop/contracts
        source_type: local
        version: null
    backstop/go-standards:
        content_hash: f11c97431b7801939c6e4cac7d1dff68a09a559bde13c6bc47805660afae0dad
        git_ref: null
        install_date: 2026-06-21T18:02:56Z
        name: backstop/go-standards
        source_type: local
        version: null
    backstop/go-toolchain:
        content_hash: be64300ee7f3b40de993f9cb49b0b003cebd1989ab2ae55c2e42c8747e0194e3
        git_ref: null
        install_date: 2026-07-07T01:20:31Z
        name: backstop/go-toolchain
        source_type: local
        version: null
    backstop/self:
        content_hash: 6004af602c123a34174d1958f07199325adc157585e9d04334f98ca419f0a543
        git_ref: null
        install_date: 2026-07-08T01:54:38Z
        name: backstop/self
        source_type: local
        version: null
    backstop/substantiveness:
        content_hash: 46338551e97de6a9587614be5136b4ea577379f0cf169c9d3f86ecbd41233af0
        git_ref: null
        install_date: 2026-07-06T15:21:22Z
        name: backstop/substantiveness
        source_type: local
        version: null
